version: 6
environments:
  default:
    channels:
    - url: https://conda.anaconda.org/conda-forge/
    packages:
      osx-arm64:
      - conda: https://conda.anaconda.org/conda-forge/osx-arm64/bzip2-1.0.8-h99b78c6_7.conda
      - conda: https://conda.anaconda.org/conda-forge/osx-arm64/c-ares-1.34.5-h5505292_0.conda
      - conda: https://conda.anaconda.org/conda-forge/noarch/ca-certificates-2025.8.3-hbd8a1cb_0.conda
      - conda: https://conda.anaconda.org/conda-forge/osx-arm64/icu-75.1-hfee45f7_0.conda
      - conda: https://conda.anaconda.org/conda-forge/noarch/importlib-metadata-8.7.0-pyhe01879c_1.conda
      - conda: https://conda.anaconda.org/conda-forge/noarch/jax-0.7.0-pyhd8ed1ab_0.conda
      - conda: https://conda.anaconda.org/conda-forge/osx-arm64/jaxlib-0.7.0-cpu_py313h3e4434d_0.conda
      - conda: https://conda.anaconda.org/conda-forge/osx-arm64/libabseil-20250127.1-cxx17_h07bc746_0.conda
      - conda: https://conda.anaconda.org/conda-forge/osx-arm64/libblas-3.9.0-34_h10e41b3_openblas.conda
      - conda: https://conda.anaconda.org/conda-forge/osx-arm64/libcblas-3.9.0-34_hb3479ef_openblas.conda
      - conda: https://conda.anaconda.org/conda-forge/osx-arm64/libcxx-21.1.0-hf598326_1.conda
      - conda: https://conda.anaconda.org/conda-forge/osx-arm64/libexpat-2.7.1-hec049ff_0.conda
      - conda: https://conda.anaconda.org/conda-forge/osx-arm64/libffi-3.4.6-h1da3d7d_1.conda
      - conda: https://conda.anaconda.org/conda-forge/osx-arm64/libgfortran-15.1.0-hfdf1602_1.conda
      - conda: https://conda.anaconda.org/conda-forge/osx-arm64/libgfortran5-15.1.0-hb74de2c_1.conda
      - conda: https://conda.anaconda.org/conda-forge/osx-arm64/libgrpc-1.71.0-h857da87_1.conda
      - conda: https://conda.anaconda.org/conda-forge/osx-arm64/liblapack-3.9.0-34_hc9a63f6_openblas.conda
      - conda: https://conda.anaconda.org/conda-forge/osx-arm64/liblzma-5.8.1-h39f12f2_2.conda
      - conda: https://conda.anaconda.org/conda-forge/osx-arm64/libmpdec-4.0.0-h5505292_0.conda
      - conda: https://conda.anaconda.org/conda-forge/osx-arm64/libopenblas-0.3.30-openmp_h60d53f8_2.conda
      - conda: https://conda.anaconda.org/conda-forge/osx-arm64/libprotobuf-5.29.3-h6c9c1dd_2.conda
      - conda: https://conda.anaconda.org/conda-forge/osx-arm64/libre2-11-2025.06.26-hd41c47c_0.conda
      - conda: https://conda.anaconda.org/conda-forge/osx-arm64/libsqlite-3.50.4-h4237e3c_0.conda
      - conda: https://conda.anaconda.org/conda-forge/osx-arm64/libzlib-1.3.1-h8359307_2.conda
      - conda: https://conda.anaconda.org/conda-forge/osx-arm64/llvm-openmp-21.1.0-hbb9b287_0.conda
      - conda: https://conda.anaconda.org/conda-forge/osx-arm64/ml_dtypes-0.5.1-py313hd1f53c0_1.conda
      - conda: https://conda.anaconda.org/conda-forge/osx-arm64/ncurses-6.5-h5e97a16_3.conda
      - conda: https://conda.anaconda.org/conda-forge/osx-arm64/numpy-2.3.2-py313h674b998_2.conda
      - conda: https://conda.anaconda.org/conda-forge/osx-arm64/openssl-3.5.2-he92f556_0.conda
      - conda: https://conda.anaconda.org/conda-forge/noarch/opt_einsum-3.4.0-pyhd8ed1ab_1.conda
      - conda: https://conda.anaconda.org/conda-forge/osx-arm64/python-3.13.5-hf3f3da0_102_cp313.conda
      - conda: https://conda.anaconda.org/conda-forge/noarch/python_abi-3.13-8_cp313.conda
      - conda: https://conda.anaconda.org/conda-forge/osx-arm64/re2-2025.06.26-h6589ca4_0.conda
      - conda: https://conda.anaconda.org/conda-forge/osx-arm64/readline-8.2-h1d1bf99_2.conda
      - conda: https://conda.anaconda.org/conda-forge/osx-arm64/scipy-1.16.1-py313h7d0615d_1.conda
      - conda: https://conda.anaconda.org/conda-forge/osx-arm64/tk-8.6.13-h892fb3f_2.conda
      - conda: https://conda.anaconda.org/conda-forge/noarch/tzdata-2025b-h78e105d_0.conda
      - conda: https://conda.anaconda.org/conda-forge/noarch/zipp-3.23.0-pyhd8ed1ab_0.conda
packages:
- conda: https://conda.anaconda.org/conda-forge/osx-arm64/bzip2-1.0.8-h99b78c6_7.conda
  sha256: adfa71f158cbd872a36394c56c3568e6034aa55c623634b37a4836bd036e6b91
  md5: fc6948412dbbbe9a4c9ddbbcfe0a79ab
  depends:
  - __osx >=11.0
  license: bzip2-1.0.6
  license_family: BSD
  size: 122909
  timestamp: 1720974522888
- conda: https://conda.anaconda.org/conda-forge/osx-arm64/c-ares-1.34.5-h5505292_0.conda
  sha256: b4bb55d0806e41ffef94d0e3f3c97531f322b3cb0ca1f7cdf8e47f62538b7a2b
  md5: f8cd1beb98240c7edb1a95883360ccfa
  depends:
  - __osx >=11.0
  license: MIT
  license_family: MIT
  size: 179696
  timestamp: 1744128058734
- conda: https://conda.anaconda.org/conda-forge/noarch/ca-certificates-2025.8.3-hbd8a1cb_0.conda
  sha256: 837b795a2bb39b75694ba910c13c15fa4998d4bb2a622c214a6a5174b2ae53d1
  md5: 74784ee3d225fc3dca89edb635b4e5cc
  depends:
  - __unix
  license: ISC
  size: 154402
  timestamp: 1754210968730
- conda: https://conda.anaconda.org/conda-forge/osx-arm64/icu-75.1-hfee45f7_0.conda
  sha256: 9ba12c93406f3df5ab0a43db8a4b4ef67a5871dfd401010fbe29b218b2cbe620
  md5: 5eb22c1d7b3fc4abb50d92d621583137
  depends:
  - __osx >=11.0
  license: MIT
  license_family: MIT
  size: 11857802
  timestamp: 1720853997952
- conda: https://conda.anaconda.org/conda-forge/noarch/importlib-metadata-8.7.0-pyhe01879c_1.conda
  sha256: c18ab120a0613ada4391b15981d86ff777b5690ca461ea7e9e49531e8f374745
  md5: 63ccfdc3a3ce25b027b8767eb722fca8
  depends:
  - python >=3.9
  - zipp >=3.20
  - python
  license: Apache-2.0
  license_family: APACHE
  size: 34641
  timestamp: 1747934053147
- conda: https://conda.anaconda.org/conda-forge/noarch/jax-0.7.0-pyhd8ed1ab_0.conda
  sha256: c9dfa0d2fd5e42de88c8d2f62f495b6747a7d08310c4bbf94d0fa7e0dcaad573
  md5: cf9f37f6340f024ff8e3c3666de41bf5
  depends:
  - importlib-metadata >=4.6
  - jaxlib >=0.7.0,<=0.7.0
  - ml_dtypes >=0.5.0
  - numpy >=1.26
  - opt_einsum
  - python >=3.11
  - scipy >=1.12
  constrains:
  - cudnn >=9.8,<10.0
  license: Apache-2.0
  license_family: APACHE
  size: 1836006
  timestamp: 1753869796115
- conda: https://conda.anaconda.org/conda-forge/osx-arm64/jaxlib-0.7.0-cpu_py313h3e4434d_0.conda
  sha256: f5e9f1e068e8689c11cf3d7045165c10277db41eb10b6ad5fa5d4b62802c141f
  md5: a14f6f9dcc4c030f549931f5a879cf59
  depends:
  - __osx >=11.0
  - libabseil * cxx17*
  - libabseil >=20250127.1,<20250128.0a0
  - libcxx >=19
  - libgrpc >=1.71.0,<1.72.0a0
  - libzlib >=1.3.1,<2.0a0
  - ml_dtypes >=0.2.0
  - numpy >=1.23,<3
  - openssl >=3.5.1,<4.0a0
  - python >=3.13,<3.14.0a0
  - python >=3.13,<3.14.0a0 *_cp313
  - python_abi 3.13.* *_cp313
  - scipy >=1.9
  constrains:
  - jax >=0.7.0
  license: Apache-2.0
  license_family: APACHE
  size: 53900105
  timestamp: 1753579262998
- conda: https://conda.anaconda.org/conda-forge/osx-arm64/libabseil-20250127.1-cxx17_h07bc746_0.conda
  sha256: 9884f855bdfd5cddac209df90bdddae8b3a6d8accfd2d3f52bc9db2f9ebb69c9
  md5: 26aabb99a8c2806d8f617fd135f2fc6f
  depends:
  - __osx >=11.0
  - libcxx >=18
  constrains:
  - abseil-cpp =20250127.1
  - libabseil-static =20250127.1=cxx17*
  license: Apache-2.0
  license_family: Apache
  size: 1192962
  timestamp: 1742369814061
- conda: https://conda.anaconda.org/conda-forge/osx-arm64/libblas-3.9.0-34_h10e41b3_openblas.conda
  build_number: 34
  sha256: 5de3c3bfcdc8ba05da1a7815c9953fe392c2065d9efdc2491f91df6d0d1d9e76
  md5: cdb3e1ca1661dbf19f9aad7dad524996
  depends:
  - libopenblas >=0.3.30,<0.3.31.0a0
  - libopenblas >=0.3.30,<1.0a0
  constrains:
  - blas 2.134   openblas
  - mkl <2025
  - liblapacke 3.9.0   34*_openblas
  - libcblas   3.9.0   34*_openblas
  - liblapack  3.9.0   34*_openblas
  license: BSD-3-Clause
  license_family: BSD
  size: 19533
  timestamp: 1754678956963
- conda: https://conda.anaconda.org/conda-forge/osx-arm64/libcblas-3.9.0-34_hb3479ef_openblas.conda
  build_number: 34
  sha256: 6639f6c6b2e76cb1be62cd6d9033bda7dc3fab2e5a80f5be4b5c522c27dcba17
  md5: e15018d609b8957c146dcb6c356dd50c
  depends:
  - libblas 3.9.0 34_h10e41b3_openblas
  constrains:
  - liblapack  3.9.0   34*_openblas
  - blas 2.134   openblas
  - liblapacke 3.9.0   34*_openblas
  license: BSD-3-Clause
  license_family: BSD
  size: 19521
  timestamp: 1754678970336
- conda: https://conda.anaconda.org/conda-forge/osx-arm64/libcxx-21.1.0-hf598326_1.conda
  sha256: 58427116dc1b58b13b48163808daa46aacccc2c79d40000f8a3582938876fed7
  md5: 0fb2c0c9b1c1259bc7db75c1342b1d99
  depends:
  - __osx >=11.0
  license: Apache-2.0 WITH LLVM-exception
  license_family: Apache
  size: 568692
  timestamp: 1756698505599
- conda: https://conda.anaconda.org/conda-forge/osx-arm64/libexpat-2.7.1-hec049ff_0.conda
  sha256: 8fbb17a56f51e7113ed511c5787e0dec0d4b10ef9df921c4fd1cccca0458f648
  md5: b1ca5f21335782f71a8bd69bdc093f67
  depends:
  - __osx >=11.0
  constrains:
  - expat 2.7.1.*
  license: MIT
  license_family: MIT
  size: 65971
  timestamp: 1752719657566
- conda: https://conda.anaconda.org/conda-forge/osx-arm64/libffi-3.4.6-h1da3d7d_1.conda
  sha256: c6a530924a9b14e193ea9adfe92843de2a806d1b7dbfd341546ece9653129e60
  md5: c215a60c2935b517dcda8cad4705734d
  depends:
  - __osx >=11.0
  license: MIT
  license_family: MIT
  size: 39839
  timestamp: 1743434670405
- conda: https://conda.anaconda.org/conda-forge/osx-arm64/libgfortran-15.1.0-hfdf1602_1.conda
  sha256: 981e3fac416e80b007a2798d6c1d4357ebebeb72a039aca1fb3a7effe9dcae86
  md5: c98207b6e2b1a309abab696d229f163e
  depends:
  - libgfortran5 15.1.0 hb74de2c_1
  license: GPL-3.0-only WITH GCC-exception-3.1
  license_family: GPL
  size: 134383
  timestamp: 1756239485494
- conda: https://conda.anaconda.org/conda-forge/osx-arm64/libgfortran5-15.1.0-hb74de2c_1.conda
  sha256: 1f8f5b2fdd0d2559d0f3bade8da8f57e9ee9b54685bd6081c6d6d9a2b0239b41
  md5: 4281bd1c654cb4f5cab6392b3330451f
  depends:
  - llvm-openmp >=8.0.0
  constrains:
  - libgfortran 15.1.0
  license: GPL-3.0-only WITH GCC-exception-3.1
  license_family: GPL
  size: 759679
  timestamp: 1756238772083
- conda: https://conda.anaconda.org/conda-forge/osx-arm64/libgrpc-1.71.0-h857da87_1.conda
  sha256: 082668830025c2a2842165724b44d4f742688353932a6705cd61aa4ecb9aa173
  md5: 59fe16787c94d3dc92f2dfa533de97c6
  depends:
  - __osx >=11.0
  - c-ares >=1.34.5,<2.0a0
  - libabseil * cxx17*
  - libabseil >=20250127.1,<20250128.0a0
  - libcxx >=18
  - libprotobuf >=5.29.3,<5.29.4.0a0
  - libre2-11 >=2024.7.2
  - libzlib >=1.3.1,<2.0a0
  - openssl >=3.5.0,<4.0a0
  - re2
  constrains:
  - grpc-cpp =1.71.0
  license: Apache-2.0
  license_family: APACHE
  size: 4908484
  timestamp: 1745191611284
- conda: https://conda.anaconda.org/conda-forge/osx-arm64/liblapack-3.9.0-34_hc9a63f6_openblas.conda
  build_number: 34
  sha256: 659c7cc2d7104c5fa33482d28a6ce085fd116ff5625a117b7dd45a3521bf8efc
  md5: 94b13d05122e301de02842d021eea5fb
  depends:
  - libblas 3.9.0 34_h10e41b3_openblas
  constrains:
  - libcblas   3.9.0   34*_openblas
  - blas 2.134   openblas
  - liblapacke 3.9.0   34*_openblas
  license: BSD-3-Clause
  license_family: BSD
  size: 19532
  timestamp: 1754678979401
- conda: https://conda.anaconda.org/conda-forge/osx-arm64/liblzma-5.8.1-h39f12f2_2.conda
  sha256: 0cb92a9e026e7bd4842f410a5c5c665c89b2eb97794ffddba519a626b8ce7285
  md5: d6df911d4564d77c4374b02552cb17d1
  depends:
  - __osx >=11.0
  constrains:
  - xz 5.8.1.*
  license: 0BSD
  size: 92286
  timestamp: 1749230283517
- conda: https://conda.anaconda.org/conda-forge/osx-arm64/libmpdec-4.0.0-h5505292_0.conda
  sha256: 0a1875fc1642324ebd6c4ac864604f3f18f57fbcf558a8264f6ced028a3c75b2
  md5: 85ccccb47823dd9f7a99d2c7f530342f
  depends:
  - __osx >=11.0
  license: BSD-2-Clause
  license_family: BSD
  size: 71829
  timestamp: 1748393749336
- conda: https://conda.anaconda.org/conda-forge/osx-arm64/libopenblas-0.3.30-openmp_h60d53f8_2.conda
  sha256: 7b8551a4d21cf0b19f9a162f1f283a201b17f1bd5a6579abbd0d004788c511fa
  md5: d004259fd8d3d2798b16299d6ad6c9e9
  depends:
  - __osx >=11.0
  - libgfortran
  - libgfortran5 >=14.3.0
  - llvm-openmp >=19.1.7
  constrains:
  - openblas >=0.3.30,<0.3.31.0a0
  license: BSD-3-Clause
  license_family: BSD
  size: 4284696
  timestamp: 1755471861128
- conda: https://conda.anaconda.org/conda-forge/osx-arm64/libprotobuf-5.29.3-h6c9c1dd_2.conda
  sha256: 8c6350afed4c78fc5fbab85b8f00af084586176fd5f6e4340f66d2e239d028dc
  md5: cb31a05af57f76e19766ef8b30b3b6d3
  depends:
  - __osx >=11.0
  - libabseil * cxx17*
  - libabseil >=20250127.1,<20250128.0a0
  - libcxx >=19
  - libzlib >=1.3.1,<2.0a0
  license: BSD-3-Clause
  license_family: BSD
  size: 2637991
  timestamp: 1753800039682
- conda: https://conda.anaconda.org/conda-forge/osx-arm64/libre2-11-2025.06.26-hd41c47c_0.conda
  sha256: d125de07bcdeadddd415d2f855f7fe383b066a373fa88244e51c58fef5cb8774
  md5: ce95f5724e52eb76f4cd4be6e7a0d9ae
  depends:
  - __osx >=11.0
  - libabseil * cxx17*
  - libabseil >=20250127.1,<20250128.0a0
  - libcxx >=18
  constrains:
  - re2 2025.06.26.*
  license: BSD-3-Clause
  license_family: BSD
  size: 167704
  timestamp: 1751053331260
- conda: https://conda.anaconda.org/conda-forge/osx-arm64/libsqlite-3.50.4-h4237e3c_0.conda
  sha256: 802ebe62e6bc59fc26b26276b793e0542cfff2d03c086440aeaf72fb8bbcec44
  md5: 1dcb0468f5146e38fae99aef9656034b
  depends:
  - __osx >=11.0
  - icu >=75.1,<76.0a0
  - libzlib >=1.3.1,<2.0a0
  license: blessing
  size: 902645
  timestamp: 1753948599139
- conda: https://conda.anaconda.org/conda-forge/osx-arm64/libzlib-1.3.1-h8359307_2.conda
  sha256: ce34669eadaba351cd54910743e6a2261b67009624dbc7daeeafdef93616711b
  md5: 369964e85dc26bfe78f41399b366c435
  depends:
  - __osx >=11.0
  constrains:
  - zlib 1.3.1 *_2
  license: Zlib
  license_family: Other
  size: 46438
  timestamp: 1727963202283
- conda: https://conda.anaconda.org/conda-forge/osx-arm64/llvm-openmp-21.1.0-hbb9b287_0.conda
  sha256: c6750073a128376a14bedacfa90caab4c17025c9687fcf6f96e863b28d543af4
  md5: e57d95fec6eaa747e583323cba6cfe5c
  depends:
  - __osx >=11.0
  constrains:
  - intel-openmp <0.0a0
  - openmp 21.1.0|21.1.0.*
  license: Apache-2.0 WITH LLVM-exception
  license_family: APACHE
  size: 286039
  timestamp: 1756673290280
- conda: https://conda.anaconda.org/conda-forge/osx-arm64/ml_dtypes-0.5.1-py313hd1f53c0_1.conda
  sha256: 89107f593e8966c9ccc57c0a9865b29277baa84b84f4dbd48b8dc2fa14e6773a
  md5: 08f78180360648c9d06e856c1bc2474b
  depends:
  - __osx >=11.0
  - libcxx >=19
  - numpy >=1.23,<3
  - python >=3.13,<3.14.0a0
  - python >=3.13,<3.14.0a0 *_cp313
  - python_abi 3.13.* *_cp313
  license: MPL-2.0 AND Apache-2.0
  size: 205125
  timestamp: 1756742819060
- conda: https://conda.anaconda.org/conda-forge/osx-arm64/ncurses-6.5-h5e97a16_3.conda
  sha256: 2827ada40e8d9ca69a153a45f7fd14f32b2ead7045d3bbb5d10964898fe65733
  md5: 068d497125e4bf8a66bf707254fff5ae
  depends:
  - __osx >=11.0
  license: X11 AND BSD-3-Clause
  size: 797030
  timestamp: 1738196177597
- conda: https://conda.anaconda.org/conda-forge/osx-arm64/numpy-2.3.2-py313h674b998_2.conda
  sha256: f3603c74f79a9f8a67eb8f4ce4b678036ca3de6dd329657ae19a298cd956f66e
  md5: 9c44ae43d006497eef4ba440820f9997
  depends:
  - python
  - __osx >=11.0
  - libcxx >=19
  - python 3.13.* *_cp313
  - python_abi 3.13.* *_cp313
  - libcblas >=3.9.0,<4.0a0
  - libblas >=3.9.0,<4.0a0
  - liblapack >=3.9.0,<4.0a0
  constrains:
  - numpy-base <0a0
  license: BSD-3-Clause
  license_family: BSD
  size: 6748521
  timestamp: 1756343067600
- conda: https://conda.anaconda.org/conda-forge/osx-arm64/openssl-3.5.2-he92f556_0.conda
  sha256: f6d1c87dbcf7b39fad24347570166dade1c533ae2d53c60a70fa4dc874ef0056
  md5: bcb0d87dfbc199d0a461d2c7ca30b3d8
  depends:
  - __osx >=11.0
  - ca-certificates
  license: Apache-2.0
  license_family: Apache
  size: 3074848
  timestamp: 1754465710470
- conda: https://conda.anaconda.org/conda-forge/noarch/opt_einsum-3.4.0-pyhd8ed1ab_1.conda
  sha256: af71aabb2bfa4b2c89b7b06403e5cec23b418452cae9f9772bd7ac3f9ea1ff44
  md5: 52919815cd35c4e1a0298af658ccda04
  depends:
  - python >=3.9
  license: MIT
  license_family: MIT
  size: 62479
  timestamp: 1733688053334
- conda: https://conda.anaconda.org/conda-forge/osx-arm64/python-3.13.5-hf3f3da0_102_cp313.conda
  build_number: 102
  sha256: ee1b09fb5563be8509bb9b29b2b436a0af75488b5f1fa6bcd93fe0fba597d13f
  md5: 123b7f04e7b8d6fc206cf2d3466f8a4b
  depends:
  - __osx >=11.0
  - bzip2 >=1.0.8,<2.0a0
  - libexpat >=2.7.0,<3.0a0
  - libffi >=3.4.6,<3.5.0a0
  - liblzma >=5.8.1,<6.0a0
  - libmpdec >=4.0.0,<5.0a0
  - libsqlite >=3.50.1,<4.0a0
  - libzlib >=1.3.1,<2.0a0
  - ncurses >=6.5,<7.0a0
  - openssl >=3.5.0,<4.0a0
  - python_abi 3.13.* *_cp313
  - readline >=8.2,<9.0a0
  - tk >=8.6.13,<8.7.0a0
  - tzdata
  license: Python-2.0
  size: 12931515
  timestamp: 1750062475020
  python_site_packages_path: lib/python3.13/site-packages
- conda: https://conda.anaconda.org/conda-forge/noarch/python_abi-3.13-8_cp313.conda
  build_number: 8
  sha256: 210bffe7b121e651419cb196a2a63687b087497595c9be9d20ebe97dd06060a7
  md5: 94305520c52a4aa3f6c2b1ff6008d9f8
  constrains:
  - python 3.13.* *_cp313
  license: BSD-3-Clause
  license_family: BSD
  size: 7002
  timestamp: 1752805902938
- conda: https://conda.anaconda.org/conda-forge/osx-arm64/re2-2025.06.26-h6589ca4_0.conda
  sha256: d7c4f0144530c829bc9c39d1e17f31242a15f4e91c9d7d0f8dda58ab245988bb
  md5: d519f1f98599719494472639406faffb
  depends:
  - libre2-11 2025.06.26 hd41c47c_0
  license: BSD-3-Clause
  license_family: BSD
  size: 27423
  timestamp: 1751053372858
- conda: https://conda.anaconda.org/conda-forge/osx-arm64/readline-8.2-h1d1bf99_2.conda
  sha256: 7db04684d3904f6151eff8673270922d31da1eea7fa73254d01c437f49702e34
  md5: 63ef3f6e6d6d5c589e64f11263dc5676
  depends:
  - ncurses >=6.5,<7.0a0
  license: GPL-3.0-only
  license_family: GPL
  size: 252359
  timestamp: 1740379663071
- conda: https://conda.anaconda.org/conda-forge/osx-arm64/scipy-1.16.1-py313h7d0615d_1.conda
  sha256: 9d365a0ec5f3e710d13fb3497cc6549c0b3153b2fa1ac27476f32ada81c4deca
  md5: cfa5f5e690bacf0b2aef1b0ba2c67391
  depends:
  - __osx >=11.0
  - libblas >=3.9.0,<4.0a0
  - libcblas >=3.9.0,<4.0a0
  - libcxx >=19
  - libgfortran
  - libgfortran5 >=14.3.0
  - libgfortran5 >=15.1.0
  - liblapack >=3.9.0,<4.0a0
  - numpy <2.6
  - numpy >=1.23,<3
  - numpy >=1.25.2
  - python >=3.13,<3.14.0a0
  - python >=3.13,<3.14.0a0 *_cp313
  - python_abi 3.13.* *_cp313
  license: BSD-3-Clause
  license_family: BSD
  size: 13967703
  timestamp: 1756530201442
- conda: https://conda.anaconda.org/conda-forge/osx-arm64/tk-8.6.13-h892fb3f_2.conda
  sha256: cb86c522576fa95c6db4c878849af0bccfd3264daf0cc40dd18e7f4a7bfced0e
  md5: 7362396c170252e7b7b0c8fb37fe9c78
  depends:
  - __osx >=11.0
  - libzlib >=1.3.1,<2.0a0
  license: TCL
  license_family: BSD
  size: 3125538
  timestamp: 1748388189063
- conda: https://conda.anaconda.org/conda-forge/noarch/tzdata-2025b-h78e105d_0.conda
  sha256: 5aaa366385d716557e365f0a4e9c3fca43ba196872abbbe3d56bb610d131e192
  md5: 4222072737ccff51314b5ece9c7d6f5a
  license: LicenseRef-Public-Domain
  size: 122968
  timestamp: 1742727099393
- conda: https://conda.anaconda.org/conda-forge/noarch/zipp-3.23.0-pyhd8ed1ab_0.conda
  sha256: 7560d21e1b021fd40b65bfb72f67945a3fcb83d78ad7ccf37b8b3165ec3b68ad
  md5: df5e78d904988eb55042c0c97446079f
  depends:
  - python >=3.9
  license: MIT
  license_family: MIT
  size: 22963
  timestamp: 1749421737203
